// !$*UTF8*$!
{
	archiveVersion = 1;
	classes = {
	};
	objectVersion = 56;
	objects = {

/* Begin PBXBuildFile section */
		D71C57C22C1996AA00FD57A5 /* main.cpp in Sources */ = {isa = PBXBuildFile; fileRef = D71C57C12C1996AA00FD57A5 /* main.cpp */; };
		D76454522C42F22B00CC9B25 /* sphere.cpp in Sources */ = {isa = PBXBuildFile; fileRef = D76454502C42F22B00CC9B25 /* sphere.cpp */; };
		D764545B2C42F5AB00CC9B25 /* curvature.cpp in Sources */ = {isa = PBXBuildFile; fileRef = D76454592C42F5AB00CC9B25 /* curvature.cpp */; };
		D764545E2C42F6B000CC9B25 /* contour.cpp in Sources */ = {isa = PBXBuildFile; fileRef = D764545C2C42F6B000CC9B25 /* contour.cpp */; };
		D764548D2C4E36FE00CC9B25 /* mesh.cpp in Sources */ = {isa = PBXBuildFile; fileRef = D764548B2C4E36FE00CC9B25 /* mesh.cpp */; };
		D76454932C4E377600CC9B25 /* output.cpp in Sources */ = {isa = PBXBuildFile; fileRef = D76454912C4E377600CC9B25 /* output.cpp */; };
/* End PBXBuildFile section */

/* Begin PBXCopyFilesBuildPhase section */
		D71C57BC2C1996AA00FD57A5 /* CopyFiles */ = {
			isa = PBXCopyFilesBuildPhase;
			buildActionMask = 2147483647;
			dstPath = /usr/share/man/man1/;
			dstSubfolderSpec = 0;
			files = (
			);
			runOnlyForDeploymentPostprocessing = 1;
		};
/* End PBXCopyFilesBuildPhase section */

/* Begin PBXFileReference section */
		D71C57BE2C1996AA00FD57A5 /* SuggestiveContour */ = {isa = PBXFileReference; explicitFileType = "compiled.mach-o.executable"; includeInIndex = 0; path = SuggestiveContour; sourceTree = BUILT_PRODUCTS_DIR; };
		D71C57C12C1996AA00FD57A5 /* main.cpp */ = {isa = PBXFileReference; lastKnownFileType = sourcecode.cpp.cpp; path = main.cpp; sourceTree = "<group>"; };
		D76454502C42F22B00CC9B25 /* sphere.cpp */ = {isa = PBXFileReference; lastKnownFileType = sourcecode.cpp.cpp; path = sphere.cpp; sourceTree = "<group>"; };
		D76454512C42F22B00CC9B25 /* sphere.hpp */ = {isa = PBXFileReference; lastKnownFileType = sourcecode.cpp.h; path = sphere.hpp; sourceTree = "<group>"; };
		D76454592C42F5AB00CC9B25 /* curvature.cpp */ = {isa = PBXFileReference; lastKnownFileType = sourcecode.cpp.cpp; path = curvature.cpp; sourceTree = "<group>"; };
		D764545A2C42F5AB00CC9B25 /* curvature.hpp */ = {isa = PBXFileReference; lastKnownFileType = sourcecode.cpp.h; path = curvature.hpp; sourceTree = "<group>"; };
		D764545C2C42F6B000CC9B25 /* contour.cpp */ = {isa = PBXFileReference; lastKnownFileType = sourcecode.cpp.cpp; path = contour.cpp; sourceTree = "<group>"; };
		D764545D2C42F6B000CC9B25 /* contour.hpp */ = {isa = PBXFileReference; lastKnownFileType = sourcecode.cpp.h; path = contour.hpp; sourceTree = "<group>"; };
		D764548B2C4E36FE00CC9B25 /* mesh.cpp */ = {isa = PBXFileReference; lastKnownFileType = sourcecode.cpp.cpp; path = mesh.cpp; sourceTree = "<group>"; };
		D764548C2C4E36FE00CC9B25 /* mesh.hpp */ = {isa = PBXFileReference; lastKnownFileType = sourcecode.cpp.h; path = mesh.hpp; sourceTree = "<group>"; };
		D76454912C4E377600CC9B25 /* output.cpp */ = {isa = PBXFileReference; lastKnownFileType = sourcecode.cpp.cpp; path = output.cpp; sourceTree = "<group>"; };
		D76454922C4E377600CC9B25 /* output.hpp */ = {isa = PBXFileReference; lastKnownFileType = sourcecode.cpp.h; path = output.hpp; sourceTree = "<group>"; };
/* End PBXFileReference section */

/* Begin PBXFrameworksBuildPhase section */
		D71C57BB2C1996AA00FD57A5 /* Frameworks */ = {
			isa = PBXFrameworksBuildPhase;
			buildActionMask = 2147483647;
			files = (
			);
			runOnlyForDeploymentPostprocessing = 0;
		};
/* End PBXFrameworksBuildPhase section */

/* Begin PBXGroup section */
		D71C57B52C1996AA00FD57A5 = {
			isa = PBXGroup;
			children = (
				D71C57C02C1996AA00FD57A5 /* SuggestiveContour */,
				D71C57BF2C1996AA00FD57A5 /* Products */,
			);
			sourceTree = "<group>";
		};
		D71C57BF2C1996AA00FD57A5 /* Products */ = {
			isa = PBXGroup;
			children = (
				D71C57BE2C1996AA00FD57A5 /* SuggestiveContour */,
			);
			name = Products;
			sourceTree = "<group>";
		};
		D71C57C02C1996AA00FD57A5 /* SuggestiveContour */ = {
			isa = PBXGroup;
			children = (
				D71C57C12C1996AA00FD57A5 /* main.cpp */,
				D764548B2C4E36FE00CC9B25 /* mesh.cpp */,
				D764548C2C4E36FE00CC9B25 /* mesh.hpp */,
				D76454592C42F5AB00CC9B25 /* curvature.cpp */,
				D764545A2C42F5AB00CC9B25 /* curvature.hpp */,
				D764545C2C42F6B000CC9B25 /* contour.cpp */,
				D764545D2C42F6B000CC9B25 /* contour.hpp */,
				D76454502C42F22B00CC9B25 /* sphere.cpp */,
				D76454512C42F22B00CC9B25 /* sphere.hpp */,
				D76454912C4E377600CC9B25 /* output.cpp */,
				D76454922C4E377600CC9B25 /* output.hpp */,
			);
			path = SuggestiveContour;
			sourceTree = "<group>";
		};
/* End PBXGroup section */

/* Begin PBXNativeTarget section */
		D71C57BD2C1996AA00FD57A5 /* SuggestiveContour */ = {
			isa = PBXNativeTarget;
			buildConfigurationList = D71C57C52C1996AA00FD57A5 /* Build configuration list for PBXNativeTarget "SuggestiveContour" */;
			buildPhases = (
				D71C57BA2C1996AA00FD57A5 /* Sources */,
				D71C57BB2C1996AA00FD57A5 /* Frameworks */,
				D71C57BC2C1996AA00FD57A5 /* CopyFiles */,
			);
			buildRules = (
			);
			dependencies = (
			);
			name = SuggestiveContour;
			productName = SuggestiveContour;
			productReference = D71C57BE2C1996AA00FD57A5 /* SuggestiveContour */;
			productType = "com.apple.product-type.tool";
		};
/* End PBXNativeTarget section */

/* Begin PBXProject section */
		D71C57B62C1996AA00FD57A5 /* Project object */ = {
			isa = PBXProject;
			attributes = {
				BuildIndependentTargetsInParallel = 1;
				LastUpgradeCheck = 1540;
				TargetAttributes = {
					D71C57BD2C1996AA00FD57A5 = {
						CreatedOnToolsVersion = 15.4;
					};
				};
			};
			buildConfigurationList = D71C57B92C1996AA00FD57A5 /* Build configuration list for PBXProject "SuggestiveContour" */;
			compatibilityVersion = "Xcode 14.0";
			developmentRegion = en;
			hasScannedForEncodings = 0;
			knownRegions = (
				en,
				Base,
			);
			mainGroup = D71C57B52C1996AA00FD57A5;
			productRefGroup = D71C57BF2C1996AA00FD57A5 /* Products */;
			projectDirPath = "";
			projectRoot = "";
			targets = (
				D71C57BD2C1996AA00FD57A5 /* SuggestiveContour */,
			);
		};
/* End PBXProject section */

/* Begin PBXSourcesBuildPhase section */
		D71C57BA2C1996AA00FD57A5 /* Sources */ = {
			isa = PBXSourcesBuildPhase;
			buildActionMask = 2147483647;
			files = (
				D764545E2C42F6B000CC9B25 /* contour.cpp in Sources */,
				D76454522C42F22B00CC9B25 /* sphere.cpp in Sources */,
				D76454932C4E377600CC9B25 /* output.cpp in Sources */,
				D71C57C22C1996AA00FD57A5 /* main.cpp in Sources */,
				D764548D2C4E36FE00CC9B25 /* mesh.cpp in Sources */,
				D764545B2C42F5AB00CC9B25 /* curvature.cpp in Sources */,
			);
			runOnlyForDeploymentPostprocessing = 0;
		};
/* End PBXSourcesBuildPhase section */

/* Begin XCBuildConfiguration section */
		D71C57C32C1996AA00FD57A5 /* Debug */ = {
			isa = XCBuildConfiguration;
			buildSettings = {
				ALWAYS_SEARCH_USER_PATHS = NO;
				ASSETCATALOG_COMPILER_GENERATE_SWIFT_ASSET_SYMBOL_EXTENSIONS = YES;
				CLANG_ANALYZER_NONNULL = YES;
				CLANG_ANALYZER_NUMBER_OBJECT_CONVERSION = YES_AGGRESSIVE;
				CLANG_CXX_LANGUAGE_STANDARD = "gnu++20";
				CLANG_ENABLE_MODULES = YES;
				CLANG_ENABLE_OBJC_ARC = YES;
				CLANG_ENABLE_OBJC_WEAK = YES;
				CLANG_WARN_BLOCK_CAPTURE_AUTORELEASING = YES;
				CLANG_WARN_BOOL_CONVERSION = YES;
				CLANG_WARN_COMMA = YES;
				CLANG_WARN_CONSTANT_CONVERSION = YES;
				CLANG_WARN_DEPRECATED_OBJC_IMPLEMENTATIONS = YES;
				CLANG_WARN_DIRECT_OBJC_ISA_USAGE = YES_ERROR;
				CLANG_WARN_DOCUMENTATION_COMMENTS = YES;
				CLANG_WARN_EMPTY_BODY = YES;
				CLANG_WARN_ENUM_CONVERSION = YES;
				CLANG_WARN_INFINITE_RECURSION = YES;
				CLANG_WARN_INT_CONVERSION = YES;
				CLANG_WARN_NON_LITERAL_NULL_CONVERSION = YES;
				CLANG_WARN_OBJC_IMPLICIT_RETAIN_SELF = YES;
				CLANG_WARN_OBJC_LITERAL_CONVERSION = YES;
				CLANG_WARN_OBJC_ROOT_CLASS = YES_ERROR;
				CLANG_WARN_QUOTED_INCLUDE_IN_FRAMEWORK_HEADER = YES;
				CLANG_WARN_RANGE_LOOP_ANALYSIS = YES;
				CLANG_WARN_STRICT_PROTOTYPES = YES;
				CLANG_WARN_SUSPICIOUS_MOVE = YES;
				CLANG_WARN_UNGUARDED_AVAILABILITY = YES_AGGRESSIVE;
				CLANG_WARN_UNREACHABLE_CODE = YES;
				CLANG_WARN__DUPLICATE_METHOD_MATCH = YES;
				COPY_PHASE_STRIP = NO;
				DEBUG_INFORMATION_FORMAT = dwarf;
				ENABLE_STRICT_OBJC_MSGSEND = YES;
				ENABLE_TESTABILITY = YES;
				ENABLE_USER_SCRIPT_SANDBOXING = YES;
				GCC_C_LANGUAGE_STANDARD = gnu17;
				GCC_DYNAMIC_NO_PIC = NO;
				GCC_NO_COMMON_BLOCKS = YES;
				GCC_OPTIMIZATION_LEVEL = 0;
				GCC_PREPROCESSOR_DEFINITIONS = (
					"DEBUG=1",
					"$(inherited)",
				);
				GCC_WARN_64_TO_32_BIT_CONVERSION = YES;
				GCC_WARN_ABOUT_RETURN_TYPE = YES_ERROR;
				GCC_WARN_UNDECLARED_SELECTOR = YES;
				GCC_WARN_UNINITIALIZED_AUTOS = YES_AGGRESSIVE;
				GCC_WARN_UNUSED_FUNCTION = YES;
				GCC_WARN_UNUSED_VARIABLE = YES;
				LOCALIZATION_PREFERS_STRING_CATALOGS = YES;
				MACOSX_DEPLOYMENT_TARGET = 14.4;
				MTL_ENABLE_DEBUG_INFO = INCLUDE_SOURCE;
				MTL_FAST_MATH = YES;
				ONLY_ACTIVE_ARCH = YES;
				SDKROOT = macosx;
			};
			name = Debug;
		};
		D71C57C42C1996AA00FD57A5 /* Release */ = {
			isa = XCBuildConfiguration;
			buildSettings = {
				ALWAYS_SEARCH_USER_PATHS = NO;
				ASSETCATALOG_COMPILER_GENERATE_SWIFT_ASSET_SYMBOL_EXTENSIONS = YES;
				CLANG_ANALYZER_NONNULL = YES;
				CLANG_ANALYZER_NUMBER_OBJECT_CONVERSION = YES_AGGRESSIVE;
				CLANG_CXX_LANGUAGE_STANDARD = "gnu++20";
				CLANG_ENABLE_MODULES = YES;
				CLANG_ENABLE_OBJC_ARC = YES;
				CLANG_ENABLE_OBJC_WEAK = YES;
				CLANG_WARN_BLOCK_CAPTURE_AUTORELEASING = YES;
				CLANG_WARN_BOOL_CONVERSION = YES;
				CLANG_WARN_COMMA = YES;
				CLANG_WARN_CONSTANT_CONVERSION = YES;
				CLANG_WARN_DEPRECATED_OBJC_IMPLEMENTATIONS = YES;
				CLANG_WARN_DIRECT_OBJC_ISA_USAGE = YES_ERROR;
				CLANG_WARN_DOCUMENTATION_COMMENTS = YES;
				CLANG_WARN_EMPTY_BODY = YES;
				CLANG_WARN_ENUM_CONVERSION = YES;
				CLANG_WARN_INFINITE_RECURSION = YES;
				CLANG_WARN_INT_CONVERSION = YES;
				CLANG_WARN_NON_LITERAL_NULL_CONVERSION = YES;
				CLANG_WARN_OBJC_IMPLICIT_RETAIN_SELF = YES;
				CLANG_WARN_OBJC_LITERAL_CONVERSION = YES;
				CLANG_WARN_OBJC_ROOT_CLASS = YES_ERROR;
				CLANG_WARN_QUOTED_INCLUDE_IN_FRAMEWORK_HEADER = YES;
				CLANG_WARN_RANGE_LOOP_ANALYSIS = YES;
				CLANG_WARN_STRICT_PROTOTYPES = YES;
				CLANG_WARN_SUSPICIOUS_MOVE = YES;
				CLANG_WARN_UNGUARDED_AVAILABILITY = YES_AGGRESSIVE;
				CLANG_WARN_UNREACHABLE_CODE = YES;
				CLANG_WARN__DUPLICATE_METHOD_MATCH = YES;
				COPY_PHASE_STRIP = NO;
				DEBUG_INFORMATION_FORMAT = "dwarf-with-dsym";
				ENABLE_NS_ASSERTIONS = NO;
				ENABLE_STRICT_OBJC_MSGSEND = YES;
				ENABLE_USER_SCRIPT_SANDBOXING = YES;
				GCC_C_LANGUAGE_STANDARD = gnu17;
				GCC_NO_COMMON_BLOCKS = YES;
				GCC_WARN_64_TO_32_BIT_CONVERSION = YES;
				GCC_WARN_ABOUT_RETURN_TYPE = YES_ERROR;
				GCC_WARN_UNDECLARED_SELECTOR = YES;
				GCC_WARN_UNINITIALIZED_AUTOS = YES_AGGRESSIVE;
				GCC_WARN_UNUSED_FUNCTION = YES;
				GCC_WARN_UNUSED_VARIABLE = YES;
				LOCALIZATION_PREFERS_STRING_CATALOGS = YES;
				MACOSX_DEPLOYMENT_TARGET = 14.4;
				MTL_ENABLE_DEBUG_INFO = NO;
				MTL_FAST_MATH = YES;
				SDKROOT = macosx;
			};
			name = Release;
		};
		D71C57C62C1996AA00FD57A5 /* Debug */ = {
			isa = XCBuildConfiguration;
			buildSettings = {
				CLANG_CXX_LANGUAGE_STANDARD = "c++20";
				CODE_SIGN_STYLE = Automatic;
				GCC_OPTIMIZATION_LEVEL = 3;
				HEADER_SEARCH_PATHS = "/Users/kikuchiyusaku/eigen-3.4.0";
				LIBRARY_SEARCH_PATHS = "/Users/kikuchiyusaku/eigen-3.4.0";
				PRODUCT_NAME = "$(TARGET_NAME)";
			};
			name = Debug;
		};
		D71C57C72C1996AA00FD57A5 /* Release */ = {
			isa = XCBuildConfiguration;
			buildSettings = {
				CLANG_CXX_LANGUAGE_STANDARD = "c++20";
				CODE_SIGN_STYLE = Automatic;
				GCC_OPTIMIZATION_LEVEL = s;
				HEADER_SEARCH_PATHS = "/Users/kikuchiyusaku/eigen-3.4.0";
				LIBRARY_SEARCH_PATHS = "/Users/kikuchiyusaku/eigen-3.4.0";
				PRODUCT_NAME = "$(TARGET_NAME)";
			};
			name = Release;
		};
/* End XCBuildConfiguration section */

/* Begin XCConfigurationList section */
		D71C57B92C1996AA00FD57A5 /* Build configuration list for PBXProject "SuggestiveContour" */ = {
			isa = XCConfigurationList;
			buildConfigurations = (
				D71C57C32C1996AA00FD57A5 /* Debug */,
				D71C57C42C1996AA00FD57A5 /* Release */,
			);
			defaultConfigurationIsVisible = 0;
			defaultConfigurationName = Release;
		};
		D71C57C52C1996AA00FD57A5 /* Build configuration list for PBXNativeTarget "SuggestiveContour" */ = {
			isa = XCConfigurationList;
			buildConfigurations = (
				D71C57C62C1996AA00FD57A5 /* Debug */,
				D71C57C72C1996AA00FD57A5 /* Release */,
			);
			defaultConfigurationIsVisible = 0;
			defaultConfigurationName = Release;
		};
/* End XCConfigurationList section */
	};
	rootObject = D71C57B62C1996AA00FD57A5 /* Project object */;
}
